# THIS IS AN AUTOGENERATED FILE. DO NOT EDIT THIS FILE DIRECTLY.
# yarn lockfile v1


"@azure/functions-extensions-base@0.3.0":
  version "0.3.0"

"@azure/functions@^4.5.0":
  version "4.16.2"
  dependencies:
    "@azure/functions-extensions-base" "0.3.0"
    cookie "^0.7.0"

"@babel/runtime@^7.23.2":
  version "7.29.7"
  resolved "https://registry.npmjs.org/@babel/runtime/-/runtime-7.29.7.tgz"
  integrity sha512-Nq8OhGWiZIZGV6hLHoyAKLLcJihP/xFeBMGJoUrxTX2psI8dCifzLhZISFb+VWS3wFMRDmCGw5R+dOySCqPLhw==

"@colors/colors@^1.6.0", "@colors/colors@1.6.0":
  version "1.6.0"

"@dabh/diagnostics@^2.0.8":
  version "2.0.8"
  dependencies:
    "@so-ric/colorspace" "^1.1.6"
    enabled "2.0.x"
    kuler "^2.0.0"

"@eslint-community/eslint-utils@^4.8.0":
  version "4.10.1"
  dependencies:
    eslint-visitor-keys "^3.4.3"

"@eslint-community/regexpp@^4.12.2":
  version "4.12.2"

"@eslint/config-array@^0.23.5":
  version "0.23.5"
  dependencies:
    "@eslint/object-schema" "^3.0.5"
    debug "^4.3.1"
    minimatch "^10.2.4"

"@eslint/config-helpers@^0.6.0":
  version "0.6.0"
  dependencies:
    "@eslint/core" "^1.2.1"

"@eslint/core@^1.2.1":
  version "1.2.1"
  dependencies:
    "@types/json-schema" "^7.0.15"

"@eslint/js@^10.0.1":
  version "10.0.1"

"@eslint/object-schema@^3.0.5":
  version "3.0.5"

"@eslint/plugin-kit@^0.7.2":
  version "0.7.2"
  dependencies:
    "@eslint/core" "^1.2.1"
    levn "^0.4.1"

"@humanfs/core@^0.19.2":
  version "0.19.2"
  dependencies:
    "@humanfs/types" "^0.15.0"

"@humanfs/node@^0.16.6":
  version "0.16.8"
  dependencies:
    "@humanfs/core" "^0.19.2"
    "@humanfs/types" "^0.15.0"
    "@humanwhocodes/retry" "^0.4.0"

"@humanfs/types@^0.15.0":
  version "0.15.0"

"@humanwhocodes/module-importer@^1.0.1":
  version "1.0.1"

"@humanwhocodes/retry@^0.4.0", "@humanwhocodes/retry@^0.4.2":
  version "0.4.3"

"@mongodb-js/saslprep@^1.3.0", "@mongodb-js/saslprep@^1.4.11":
  version "1.4.12"
  dependencies:
    sparse-bitfield "^3.0.3"

"@pdf-lib/standard-fonts@^1.0.0":
  version "1.0.0"
  dependencies:
    pako "^1.0.6"

"@pdf-lib/upng@^1.0.1":
  version "1.0.1"
  dependencies:
    pako "^1.0.10"

"@scarf/scarf@=1.4.0":
  version "1.4.0"

"@so-ric/colorspace@^1.1.6":
  version "1.1.6"
  dependencies:
    color "^5.0.2"
    text-hex "1.0.x"

"@standard-schema/spec@^1.1.0":
  version "1.1.0"

"@types/esrecurse@^4.3.1":
  version "4.3.1"

"@types/estree@^1.0.6", "@types/estree@^1.0.8":
  version "1.0.9"

"@types/json-schema@^7.0.15":
  version "7.0.15"

"@types/jsonwebtoken@^9.0.4":
  version "9.0.10"
  dependencies:
    "@types/ms" "*"
    "@types/node" "*"

"@types/ms@*":
  version "2.1.0"

"@types/node@*":
  version "26.1.1"
  dependencies:
    undici-types "~8.3.0"

"@types/triple-beam@^1.3.2":
  version "1.3.5"

"@types/webidl-conversions@*":
  version "7.0.3"

"@types/whatwg-url@^13.0.0":
  version "13.0.0"
  dependencies:
    "@types/webidl-conversions" "*"

"@zxing/text-encoding@0.9.0":
  version "0.9.0"

accepts@~1.3.8:
  version "1.3.8"
  dependencies:
    mime-types "~2.1.34"
    negotiator "0.6.3"

acorn-jsx@^5.3.2:
  version "5.3.2"

"acorn@^6.0.0 || ^7.0.0 || ^8.0.0", acorn@^8.16.0:
  version "8.17.0"

agent-base@6:
  version "6.0.2"
  dependencies:
    debug "4"

ajv@^6.14.0:
  version "6.15.0"
  dependencies:
    fast-deep-equal "^3.1.1"
    fast-json-stable-stringify "^2.0.0"
    json-schema-traverse "^0.4.1"
    uri-js "^4.2.2"

append-field@^1.0.0:
  version "1.0.0"

argparse@^1.0.7:
  version "1.0.10"
  dependencies:
    sprintf-js "~1.0.2"

array-flatten@1.1.1:
  version "1.1.1"

async@^3.2.3, async@^3.2.4:
  version "3.2.6"

asynckit@^0.4.0:
  version "0.4.0"

available-typed-arrays@^1.0.7:
  version "1.0.7"
  dependencies:
    possible-typed-array-names "^1.0.0"

axios@^1.15.0:
  version "1.18.1"
  dependencies:
    follow-redirects "^1.16.0"
    form-data "^4.0.5"
    https-proxy-agent "^5.0.1"
    proxy-from-env "^2.1.0"

balanced-match@^1.0.0:
  version "1.0.2"

balanced-match@^4.0.2:
  version "4.0.4"

block-stream2@^2.1.0:
  version "2.1.0"
  dependencies:
    readable-stream "^3.4.0"

body-parser@~1.20.5:
  version "1.20.5"
  dependencies:
    bytes "~3.1.2"
    content-type "~1.0.5"
    debug "2.6.9"
    depd "2.0.0"
    destroy "~1.2.0"
    http-errors "~2.0.1"
    iconv-lite "~0.4.24"
    on-finished "~2.4.1"
    qs "~6.15.1"
    raw-body "~2.5.3"
    type-is "~1.6.18"
    unpipe "~1.0.0"

brace-expansion@^1.1.7:
  version "1.1.16"
  dependencies:
    balanced-match "^1.0.0"
    concat-map "0.0.1"

brace-expansion@^5.0.5:
  version "5.0.7"
  dependencies:
    balanced-match "^4.0.2"

browser-or-node@^2.1.1:
  version "2.1.1"

bson@^7.2.0:
  version "7.3.1"

buffer-crc32@^0.2.13:
  version "0.2.13"

buffer-equal-constant-time@^1.0.1:
  version "1.0.1"

buffer-from@^1.0.0:
  version "1.1.2"

busboy@^1.6.0:
  version "1.6.0"
  dependencies:
    streamsearch "^1.1.0"

bytes@~3.1.2, bytes@3.1.2:
  version "3.1.2"

call-bind-apply-helpers@^1.0.1, call-bind-apply-helpers@^1.0.2:
  version "1.0.2"
  dependencies:
    es-errors "^1.3.0"
    function-bind "^1.1.2"

call-bind@^1.0.9:
  version "1.0.9"
  dependencies:
    call-bind-apply-helpers "^1.0.2"
    es-define-property "^1.0.1"
    get-intrinsic "^1.3.0"
    set-function-length "^1.2.2"

call-bound@^1.0.2, call-bound@^1.0.4:
  version "1.0.4"
  dependencies:
    call-bind-apply-helpers "^1.0.2"
    get-intrinsic "^1.3.0"

color-convert@^3.1.3:
  version "3.1.3"
  dependencies:
    color-name "^2.0.0"

color-name@^2.0.0:
  version "2.1.0"

color-string@^2.1.3:
  version "2.1.4"
  dependencies:
    color-name "^2.0.0"

color@^5.0.2:
  version "5.0.3"
  dependencies:
    color-convert "^3.1.3"
    color-string "^2.1.3"

combined-stream@^1.0.8:
  version "1.0.8"
  dependencies:
    delayed-stream "~1.0.0"

compressible@~2.0.18:
  version "2.0.18"
  resolved "https://registry.npmjs.org/compressible/-/compressible-2.0.18.tgz"
  integrity sha512-AF3r7P5dWxL8MxyITRMlORQNaOA2IkAFaTr4k7BUumjPtRpGDTZpl0Pb1XCO6JeDCBdp126Cgs9sMxqSjgYyRg==
  dependencies:
    mime-db ">= 1.43.0 < 2"

compression@^1.8.1:
  version "1.8.1"
  resolved "https://registry.npmjs.org/compression/-/compression-1.8.1.tgz"
  integrity sha512-9mAqGPHLakhCLeNyxPkK4xVo746zQ/czLH1Ky+vkitMnWfWZps8r0qXuwhwizagCRttsL4lfG4pIOvaWLpAP0w==
  dependencies:
    bytes "3.1.2"
    compressible "~2.0.18"
    debug "2.6.9"
    negotiator "~0.6.4"
    on-headers "~1.1.0"
    safe-buffer "5.2.1"
    vary "~1.1.2"

concat-map@0.0.1:
  version "0.0.1"

concat-stream@^2.0.0:
  version "2.0.0"
  dependencies:
    buffer-from "^1.0.0"
    inherits "^2.0.3"
    readable-stream "^3.0.2"
    typedarray "^0.0.6"

content-disposition@~0.5.4:
  version "0.5.4"
  dependencies:
    safe-buffer "5.2.1"

content-type@~1.0.4, content-type@~1.0.5:
  version "1.0.5"

cookie-signature@~1.0.6:
  version "1.0.7"

cookie@^0.7.0, cookie@~0.7.1:
  version "0.7.2"

cors@^2.8.5:
  version "2.8.6"
  dependencies:
    object-assign "^4"
    vary "^1"

cross-spawn@^7.0.6:
  version "7.0.6"
  dependencies:
    path-key "^3.1.0"
    shebang-command "^2.0.0"
    which "^2.0.1"

debug@^4.3.1, debug@^4.3.2, debug@^4.3.4, debug@4:
  version "4.4.3"
  dependencies:
    ms "^2.1.3"

debug@2.6.9:
  version "2.6.9"
  resolved "https://registry.npmjs.org/debug/-/debug-2.6.9.tgz"
  integrity sha512-bC7ElrdJaJnPbAP+1EotYvqZsb3ecl5wi6Bfi6BJTUcNowp6cvspg0jXznRTKDjm/E7AdgFBVeAPVMNcKGsHMA==
  dependencies:
    ms "2.0.0"

decode-uri-component@^0.2.2:
  version "0.2.2"

deep-is@^0.1.3:
  version "0.1.4"

define-data-property@^1.1.4:
  version "1.1.4"
  dependencies:
    es-define-property "^1.0.0"
    es-errors "^1.3.0"
    gopd "^1.0.1"

delayed-stream@~1.0.0:
  version "1.0.0"

depd@~2.0.0, depd@2.0.0:
  version "2.0.0"

destroy@~1.2.0, destroy@1.2.0:
  version "1.2.0"

dotenv@^17.4.2:
  version "17.4.2"

dunder-proto@^1.0.1:
  version "1.0.1"
  dependencies:
    call-bind-apply-helpers "^1.0.1"
    es-errors "^1.3.0"
    gopd "^1.2.0"

ecdsa-sig-formatter@1.0.11:
  version "1.0.11"
  dependencies:
    safe-buffer "^5.0.1"

ee-first@1.1.1:
  version "1.1.1"

enabled@2.0.x:
  version "2.0.0"

encodeurl@~2.0.0:
  version "2.0.0"

es-define-property@^1.0.0, es-define-property@^1.0.1:
  version "1.0.1"

es-errors@^1.3.0:
  version "1.3.0"

es-object-atoms@^1.0.0, es-object-atoms@^1.1.1:
  version "1.1.2"
  dependencies:
    es-errors "^1.3.0"

es-set-tostringtag@^2.1.0:
  version "2.1.0"
  dependencies:
    es-errors "^1.3.0"
    get-intrinsic "^1.2.6"
    has-tostringtag "^1.0.2"
    hasown "^2.0.2"

escape-html@~1.0.3:
  version "1.0.3"

escape-string-regexp@^4.0.0:
  version "4.0.0"

eslint-scope@^9.1.2:
  version "9.1.2"
  dependencies:
    "@types/esrecurse" "^4.3.1"
    "@types/estree" "^1.0.8"
    esrecurse "^4.3.0"
    estraverse "^5.2.0"

eslint-visitor-keys@^3.4.3:
  version "3.4.3"

eslint-visitor-keys@^5.0.1:
  version "5.0.1"

eslint@^10.0.0, eslint@^10.7.0, "eslint@^6.0.0 || ^7.0.0 || >=8.0.0":
  version "10.7.0"
  dependencies:
    "@eslint-community/eslint-utils" "^4.8.0"
    "@eslint-community/regexpp" "^4.12.2"
    "@eslint/config-array" "^0.23.5"
    "@eslint/config-helpers" "^0.6.0"
    "@eslint/core" "^1.2.1"
    "@eslint/plugin-kit" "^0.7.2"
    "@humanfs/node" "^0.16.6"
    "@humanwhocodes/module-importer" "^1.0.1"
    "@humanwhocodes/retry" "^0.4.2"
    "@types/estree" "^1.0.6"
    ajv "^6.14.0"
    cross-spawn "^7.0.6"
    debug "^4.3.2"
    escape-string-regexp "^4.0.0"
    eslint-scope "^9.1.2"
    eslint-visitor-keys "^5.0.1"
    espree "^11.2.0"
    esquery "^1.7.0"
    esutils "^2.0.2"
    fast-deep-equal "^3.1.3"
    file-entry-cache "^8.0.0"
    find-up "^5.0.0"
    glob-parent "^6.0.2"
    ignore "^5.2.0"
    imurmurhash "^0.1.4"
    is-glob "^4.0.0"
    json-stable-stringify-without-jsonify "^1.0.1"
    minimatch "^10.2.4"
    natural-compare "^1.4.0"
    optionator "^0.9.3"

espree@^11.2.0:
  version "11.2.0"
  dependencies:
    acorn "^8.16.0"
    acorn-jsx "^5.3.2"
    eslint-visitor-keys "^5.0.1"

esquery@^1.7.0:
  version "1.7.0"
  dependencies:
    estraverse "^5.1.0"

esrecurse@^4.3.0:
  version "4.3.0"
  dependencies:
    estraverse "^5.2.0"

estraverse@^5.1.0, estraverse@^5.2.0:
  version "5.3.0"

esutils@^2.0.2:
  version "2.0.3"

etag@~1.8.1:
  version "1.8.1"

express@^4.21.2, "express@>=4.0.0 || >=5.0.0-beta":
  version "4.22.2"
  dependencies:
    accepts "~1.3.8"
    array-flatten "1.1.1"
    body-parser "~1.20.5"
    content-disposition "~0.5.4"
    content-type "~1.0.4"
    cookie "~0.7.1"
    cookie-signature "~1.0.6"
    debug "2.6.9"
    depd "2.0.0"
    encodeurl "~2.0.0"
    escape-html "~1.0.3"
    etag "~1.8.1"
    finalhandler "~1.3.1"
    fresh "~0.5.2"
    http-errors "~2.0.0"
    merge-descriptors "1.0.3"
    methods "~1.1.2"
    on-finished "~2.4.1"
    parseurl "~1.3.3"
    path-to-regexp "~0.1.12"
    proxy-addr "~2.0.7"
    qs "~6.15.1"
    range-parser "~1.2.1"
    safe-buffer "5.2.1"
    send "~0.19.0"
    serve-static "~1.16.2"
    setprototypeof "1.2.0"
    statuses "~2.0.1"
    type-is "~1.6.18"
    utils-merge "1.0.1"
    vary "~1.1.2"

fast-deep-equal@^3.1.1, fast-deep-equal@^3.1.3:
  version "3.1.3"

fast-json-stable-stringify@^2.0.0:
  version "2.1.0"

fast-levenshtein@^2.0.6:
  version "2.0.6"

fast-xml-parser@^4.2.2:
  version "4.5.7"
  dependencies:
    strnum "^1.0.5"

fecha@^4.2.0:
  version "4.2.3"

file-entry-cache@^8.0.0:
  version "8.0.0"
  dependencies:
    flat-cache "^4.0.0"

filter-obj@^1.1.0:
  version "1.1.0"

finalhandler@~1.3.1:
  version "1.3.2"
  dependencies:
    debug "2.6.9"
    encodeurl "~2.0.0"
    escape-html "~1.0.3"
    on-finished "~2.4.1"
    parseurl "~1.3.3"
    statuses "~2.0.2"
    unpipe "~1.0.0"

find-up@^5.0.0:
  version "5.0.0"
  dependencies:
    locate-path "^6.0.0"
    path-exists "^4.0.0"

flat-cache@^4.0.0:
  version "4.0.1"
  dependencies:
    flatted "^3.2.9"
    keyv "^4.5.4"

flatted@^3.2.9:
  version "3.4.3"

fn.name@1.x.x:
  version "1.1.0"

follow-redirects@^1.16.0:
  version "1.16.0"

for-each@^0.3.5:
  version "0.3.5"
  dependencies:
    is-callable "^1.2.7"

form-data@^4.0.5:
  version "4.0.6"
  dependencies:
    asynckit "^0.4.0"
    combined-stream "^1.0.8"
    es-set-tostringtag "^2.1.0"
    hasown "^2.0.4"
    mime-types "^2.1.35"

forwarded@0.2.0:
  version "0.2.0"

fresh@~0.5.2:
  version "0.5.2"

fs.realpath@^1.0.0:
  version "1.0.0"

function-bind@^1.1.2:
  version "1.1.2"

generator-function@^2.0.0:
  version "2.0.1"

get-intrinsic@^1.2.4, get-intrinsic@^1.2.5, get-intrinsic@^1.2.6, get-intrinsic@^1.3.0:
  version "1.3.0"
  dependencies:
    call-bind-apply-helpers "^1.0.2"
    es-define-property "^1.0.1"
    es-errors "^1.3.0"
    es-object-atoms "^1.1.1"
    function-bind "^1.1.2"
    get-proto "^1.0.1"
    gopd "^1.2.0"
    has-symbols "^1.1.0"
    hasown "^2.0.2"
    math-intrinsics "^1.1.0"

get-proto@^1.0.1:
  version "1.0.1"
  dependencies:
    dunder-proto "^1.0.1"
    es-object-atoms "^1.0.0"

glob-parent@^6.0.2:
  version "6.0.2"
  dependencies:
    is-glob "^4.0.3"

glob@^7.0.5:
  version "7.2.3"
  dependencies:
    fs.realpath "^1.0.0"
    inflight "^1.0.4"
    inherits "2"
    minimatch "^3.1.1"
    once "^1.3.0"
    path-is-absolute "^1.0.0"

globals@^17.7.0:
  version "17.7.0"

gopd@^1.0.1, gopd@^1.2.0:
  version "1.2.0"

has-property-descriptors@^1.0.2:
  version "1.0.2"
  dependencies:
    es-define-property "^1.0.0"

has-symbols@^1.0.3, has-symbols@^1.1.0:
  version "1.1.0"

has-tostringtag@^1.0.2:
  version "1.0.2"
  dependencies:
    has-symbols "^1.0.3"

hasown@^2.0.2, hasown@^2.0.4:
  version "2.0.4"
  dependencies:
    function-bind "^1.1.2"

helmet@^7.1.0:
  version "7.2.0"

http-errors@~2.0.0, http-errors@~2.0.1:
  version "2.0.1"
  dependencies:
    depd "~2.0.0"
    inherits "~2.0.4"
    setprototypeof "~1.2.0"
    statuses "~2.0.2"
    toidentifier "~1.0.1"

https-proxy-agent@^5.0.1:
  version "5.0.1"
  dependencies:
    agent-base "6"
    debug "4"

iconv-lite@~0.4.24:
  version "0.4.24"
  dependencies:
    safer-buffer ">= 2.1.2 < 3"

ignore@^5.2.0:
  version "5.3.2"

imurmurhash@^0.1.4:
  version "0.1.4"

inflight@^1.0.4:
  version "1.0.6"
  dependencies:
    once "^1.3.0"
    wrappy "1"

inherits@^2.0.3, inherits@~2.0.4, inherits@2:
  version "2.0.4"

ipaddr.js@^2.0.1:
  version "2.4.0"

ipaddr.js@1.9.1:
  version "1.9.1"

is-arguments@^1.0.4:
  version "1.2.0"
  dependencies:
    call-bound "^1.0.2"
    has-tostringtag "^1.0.2"

is-callable@^1.2.7:
  version "1.2.7"

is-extglob@^2.1.1:
  version "2.1.1"

is-generator-function@^1.0.7:
  version "1.1.2"
  dependencies:
    call-bound "^1.0.4"
    generator-function "^2.0.0"
    get-proto "^1.0.1"
    has-tostringtag "^1.0.2"
    safe-regex-test "^1.1.0"

is-glob@^4.0.0, is-glob@^4.0.3:
  version "4.0.3"
  dependencies:
    is-extglob "^2.1.1"

is-regex@^1.2.1:
  version "1.2.1"
  dependencies:
    call-bound "^1.0.2"
    gopd "^1.2.0"
    has-tostringtag "^1.0.2"
    hasown "^2.0.2"

is-stream@^2.0.0:
  version "2.0.1"

is-typed-array@^1.1.3:
  version "1.1.15"
  dependencies:
    which-typed-array "^1.1.16"

isexe@^2.0.0:
  version "2.0.0"

jose@^4.15.4:
  version "4.15.9"

json-buffer@3.0.1:
  version "3.0.1"

json-schema-traverse@^0.4.1:
  version "0.4.1"

json-stable-stringify-without-jsonify@^1.0.1:
  version "1.0.1"

json-stream@^1.0.0:
  version "1.0.0"

jsonwebtoken@^9.0.2:
  version "9.0.3"
  dependencies:
    jws "^4.0.1"
    lodash.includes "^4.3.0"
    lodash.isboolean "^3.0.3"
    lodash.isinteger "^4.0.4"
    lodash.isnumber "^3.0.3"
    lodash.isplainobject "^4.0.6"
    lodash.isstring "^4.0.1"
    lodash.once "^4.0.0"
    ms "^2.1.1"
    semver "^7.5.4"

jwa@^2.0.1:
  version "2.0.1"
  dependencies:
    buffer-equal-constant-time "^1.0.1"
    ecdsa-sig-formatter "1.0.11"
    safe-buffer "^5.0.1"

jwks-rsa@^3.2.2:
  version "3.2.2"
  dependencies:
    "@types/jsonwebtoken" "^9.0.4"
    debug "^4.3.4"
    jose "^4.15.4"
    limiter "^1.1.5"
    lru-memoizer "^2.2.0"

jws@^4.0.1:
  version "4.0.1"
  dependencies:
    jwa "^2.0.1"
    safe-buffer "^5.0.1"

kareem@3.3.0:
  version "3.3.0"

keyv@^4.5.4:
  version "4.5.4"
  dependencies:
    json-buffer "3.0.1"

kuler@^2.0.0:
  version "2.0.0"

levn@^0.4.1:
  version "0.4.1"
  dependencies:
    prelude-ls "^1.2.1"
    type-check "~0.4.0"

limiter@^1.1.5:
  version "1.1.5"

locate-path@^6.0.0:
  version "6.0.0"
  dependencies:
    p-locate "^5.0.0"

lodash.clonedeep@^4.5.0:
  version "4.5.0"

lodash.includes@^4.3.0:
  version "4.3.0"

lodash.isboolean@^3.0.3:
  version "3.0.3"

lodash.isinteger@^4.0.4:
  version "4.0.4"

lodash.isnumber@^3.0.3:
  version "3.0.3"

lodash.isplainobject@^4.0.6:
  version "4.0.6"

lodash.isstring@^4.0.1:
  version "4.0.1"

lodash.once@^4.0.0:
  version "4.1.1"

lodash@^4.17.21:
  version "4.18.1"

logform@^2.7.0:
  version "2.7.0"
  dependencies:
    "@colors/colors" "1.6.0"
    "@types/triple-beam" "^1.3.2"
    fecha "^4.2.0"
    ms "^2.1.1"
    safe-stable-stringify "^2.3.1"
    triple-beam "^1.3.0"

loglevel@^1.9.2:
  version "1.9.2"

lru-cache@6.0.0:
  version "6.0.0"
  dependencies:
    yallist "^4.0.0"

lru-memoizer@^2.2.0:
  version "2.3.0"
  dependencies:
    lodash.clonedeep "^4.5.0"
    lru-cache "6.0.0"

math-intrinsics@^1.1.0:
  version "1.1.0"

media-typer@0.3.0:
  version "0.3.0"

memory-pager@^1.0.2:
  version "1.5.0"

merge-descriptors@1.0.3:
  version "1.0.3"

methods@~1.1.2:
  version "1.1.2"

"mime-db@>= 1.43.0 < 2", mime-db@1.52.0:
  version "1.52.0"

mime-types@^2.1.35, mime-types@~2.1.24, mime-types@~2.1.34:
  version "2.1.35"
  dependencies:
    mime-db "1.52.0"

mime@1.6.0:
  version "1.6.0"

minimatch@^10.2.4:
  version "10.2.5"
  dependencies:
    brace-expansion "^5.0.5"

minimatch@^3.1.1:
  version "3.1.5"
  dependencies:
    brace-expansion "^1.1.7"

minio@^7.0.8:
  version "7.1.3"
  dependencies:
    async "^3.2.4"
    block-stream2 "^2.1.0"
    browser-or-node "^2.1.1"
    buffer-crc32 "^0.2.13"
    fast-xml-parser "^4.2.2"
    ipaddr.js "^2.0.1"
    json-stream "^1.0.0"
    lodash "^4.17.21"
    mime-types "^2.1.35"
    query-string "^7.1.3"
    through2 "^4.0.2"
    web-encoding "^1.1.5"
    xml "^1.0.1"
    xml2js "^0.5.0"

mongodb-connection-string-url@^7.0.0, mongodb-connection-string-url@^7.0.1:
  version "7.0.1"
  dependencies:
    "@types/whatwg-url" "^13.0.0"
    whatwg-url "^14.1.0"

mongodb@^7.0.0:
  version "7.5.0"
  dependencies:
    "@mongodb-js/saslprep" "^1.4.11"
    bson "^7.2.0"
    mongodb-connection-string-url "^7.0.1"

mongodb@~7.2:
  version "7.2.0"
  dependencies:
    "@mongodb-js/saslprep" "^1.3.0"
    bson "^7.2.0"
    mongodb-connection-string-url "^7.0.0"

mongoose@^9.3.2:
  version "9.7.4"
  dependencies:
    "@standard-schema/spec" "^1.1.0"
    kareem "3.3.0"
    mongodb "~7.2"
    mpath "0.9.0"
    mquery "6.0.0"
    ms "2.1.3"
    sift "17.1.3"

mpath@0.9.0:
  version "0.9.0"

mquery@6.0.0:
  version "6.0.0"

ms@^2.1.1, ms@^2.1.3, ms@2.1.3:
  version "2.1.3"

ms@2.0.0:
  version "2.0.0"
  resolved "https://registry.npmjs.org/ms/-/ms-2.0.0.tgz"
  integrity sha512-Tpp60P6IUJDTuOq/5Z8cdskzJujfwqfOTkrwIwj7IRISpnkJnT6SyJ4PCPnGMoFjC9ddhal5KVIYtAt97ix05A==

multer@^2.2.0:
  version "2.2.0"
  dependencies:
    append-field "^1.0.0"
    busboy "^1.6.0"
    concat-stream "^2.0.0"
    type-is "^1.6.18"

natural-compare@^1.4.0:
  version "1.4.0"

negotiator@~0.6.4:
  version "0.6.4"
  resolved "https://registry.npmjs.org/negotiator/-/negotiator-0.6.4.tgz"
  integrity sha512-myRT3DiWPHqho5PrJaIRyaMv2kgYf0mUVgBNOYMuCH5Ki1yEiQaf/ZJuQ62nvpc44wL5WDbTX7yGJi1Neevw8w==

negotiator@0.6.3:
  version "0.6.3"

object-assign@^4:
  version "4.1.1"

object-inspect@^1.13.3, object-inspect@^1.13.4:
  version "1.13.4"

on-finished@~2.4.1:
  version "2.4.1"
  dependencies:
    ee-first "1.1.1"

on-headers@~1.1.0:
  version "1.1.0"
  resolved "https://registry.npmjs.org/on-headers/-/on-headers-1.1.0.tgz"
  integrity sha512-737ZY3yNnXy37FHkQxPzt4UZ2UWPWiCZWLvFZ4fu5cueciegX0zGPnrlY6bwRg4FdQOe9YU8MkmJwGhoMybl8A==

once@^1.3.0:
  version "1.4.0"
  dependencies:
    wrappy "1"

one-time@^1.0.0:
  version "1.0.0"
  dependencies:
    fn.name "1.x.x"

optionator@^0.9.3:
  version "0.9.4"
  dependencies:
    deep-is "^0.1.3"
    fast-levenshtein "^2.0.6"
    levn "^0.4.1"
    prelude-ls "^1.2.1"
    type-check "^0.4.0"
    word-wrap "^1.2.5"

p-limit@^3.0.2:
  version "3.1.0"
  dependencies:
    yocto-queue "^0.1.0"

p-locate@^5.0.0:
  version "5.0.0"
  dependencies:
    p-limit "^3.0.2"

pako@^1.0.10, pako@^1.0.11, pako@^1.0.6:
  version "1.0.11"

parseurl@~1.3.3:
  version "1.3.3"

path-exists@^4.0.0:
  version "4.0.0"

path-is-absolute@^1.0.0:
  version "1.0.1"

path-key@^3.1.0:
  version "3.1.1"

path-to-regexp@~0.1.12:
  version "0.1.13"

pdf-lib@^1.17.1:
  version "1.17.1"
  dependencies:
    "@pdf-lib/standard-fonts" "^1.0.0"
    "@pdf-lib/upng" "^1.0.1"
    pako "^1.0.11"
    tslib "^1.11.1"

possible-typed-array-names@^1.0.0:
  version "1.1.0"

prelude-ls@^1.2.1:
  version "1.2.1"

proxy-addr@~2.0.7:
  version "2.0.7"
  dependencies:
    forwarded "0.2.0"
    ipaddr.js "1.9.1"

proxy-from-env@^2.1.0:
  version "2.1.0"

punycode@^2.1.0, punycode@^2.3.1:
  version "2.3.1"

qs@~6.15.1:
  version "6.15.3"
  dependencies:
    es-define-property "^1.0.1"
    side-channel "^1.1.1"

query-string@^7.1.3:
  version "7.1.3"
  dependencies:
    decode-uri-component "^0.2.2"
    filter-obj "^1.1.0"
    split-on-first "^1.0.0"
    strict-uri-encode "^2.0.0"

range-parser@~1.2.1:
  version "1.2.1"

raw-body@~2.5.3:
  version "2.5.3"
  dependencies:
    bytes "~3.1.2"
    http-errors "~2.0.1"
    iconv-lite "~0.4.24"
    unpipe "~1.0.0"

readable-stream@^3.0.2, readable-stream@^3.4.0, readable-stream@^3.6.2, readable-stream@3:
  version "3.6.2"
  dependencies:
    inherits "^2.0.3"
    string_decoder "^1.1.1"
    util-deprecate "^1.0.1"

safe-buffer@^5.0.1, safe-buffer@~5.2.0, safe-buffer@5.2.1:
  version "5.2.1"

safe-regex-test@^1.1.0:
  version "1.1.0"
  dependencies:
    call-bound "^1.0.2"
    es-errors "^1.3.0"
    is-regex "^1.2.1"

safe-stable-stringify@^2.3.1:
  version "2.5.0"

"safer-buffer@>= 2.1.2 < 3":
  version "2.1.2"

sax@>=0.6.0:
  version "1.6.0"

semver@^7.5.4:
  version "7.8.5"

send@~0.19.0, send@~0.19.1:
  version "0.19.2"
  dependencies:
    debug "2.6.9"
    depd "2.0.0"
    destroy "1.2.0"
    encodeurl "~2.0.0"
    escape-html "~1.0.3"
    etag "~1.8.1"
    fresh "~0.5.2"
    http-errors "~2.0.1"
    mime "1.6.0"
    ms "2.1.3"
    on-finished "~2.4.1"
    range-parser "~1.2.1"
    statuses "~2.0.2"

serve-static@~1.16.2:
  version "1.16.3"
  dependencies:
    encodeurl "~2.0.0"
    escape-html "~1.0.3"
    parseurl "~1.3.3"
    send "~0.19.1"

serverless-http@^3.2.0:
  version "3.2.0"

set-function-length@^1.2.2:
  version "1.2.2"
  dependencies:
    define-data-property "^1.1.4"
    es-errors "^1.3.0"
    function-bind "^1.1.2"
    get-intrinsic "^1.2.4"
    gopd "^1.0.1"
    has-property-descriptors "^1.0.2"

setprototypeof@~1.2.0, setprototypeof@1.2.0:
  version "1.2.0"

shebang-command@^2.0.0:
  version "2.0.0"
  dependencies:
    shebang-regex "^3.0.0"

shebang-regex@^3.0.0:
  version "3.0.0"

side-channel-list@^1.0.1:
  version "1.0.1"
  dependencies:
    es-errors "^1.3.0"
    object-inspect "^1.13.4"

side-channel-map@^1.0.1:
  version "1.0.1"
  dependencies:
    call-bound "^1.0.2"
    es-errors "^1.3.0"
    get-intrinsic "^1.2.5"
    object-inspect "^1.13.3"

side-channel-weakmap@^1.0.2:
  version "1.0.2"
  dependencies:
    call-bound "^1.0.2"
    es-errors "^1.3.0"
    get-intrinsic "^1.2.5"
    object-inspect "^1.13.3"
    side-channel-map "^1.0.1"

side-channel@^1.1.1:
  version "1.1.1"
  dependencies:
    es-errors "^1.3.0"
    object-inspect "^1.13.4"
    side-channel-list "^1.0.1"
    side-channel-map "^1.0.1"
    side-channel-weakmap "^1.0.2"

sift@17.1.3:
  version "17.1.3"

sparse-bitfield@^3.0.3:
  version "3.0.3"
  dependencies:
    memory-pager "^1.0.2"

split-on-first@^1.0.0:
  version "1.1.0"

sprintf-js@~1.0.2:
  version "1.0.3"

stack-trace@0.0.x:
  version "0.0.10"

statuses@~2.0.1, statuses@~2.0.2:
  version "2.0.2"

streamsearch@^1.1.0:
  version "1.1.0"

strict-uri-encode@^2.0.0:
  version "2.0.0"

string_decoder@^1.1.1:
  version "1.3.0"
  dependencies:
    safe-buffer "~5.2.0"

strnum@^1.0.5:
  version "1.1.2"

swagger-ui-dist@>=5.0.0:
  version "5.32.8"
  dependencies:
    "@scarf/scarf" "=1.4.0"

swagger-ui-express@^5.0.1:
  version "5.0.1"
  dependencies:
    swagger-ui-dist ">=5.0.0"

text-hex@1.0.x:
  version "1.0.0"

through2@^4.0.2:
  version "4.0.2"
  dependencies:
    readable-stream "3"

toidentifier@~1.0.1:
  version "1.0.1"

tr46@^5.1.0:
  version "5.1.1"
  dependencies:
    punycode "^2.3.1"

triple-beam@^1.3.0:
  version "1.4.1"

tslib@^1.11.1:
  version "1.14.1"

tslib@^2.8.1:
  version "2.8.1"

type-check@^0.4.0, type-check@~0.4.0:
  version "0.4.0"
  dependencies:
    prelude-ls "^1.2.1"

type-is@^1.6.18, type-is@~1.6.18:
  version "1.6.18"
  dependencies:
    media-typer "0.3.0"
    mime-types "~2.1.24"

typedarray@^0.0.6:
  version "0.0.6"

typesense@^3.0.5:
  version "3.0.6"
  dependencies:
    axios "^1.15.0"
    loglevel "^1.9.2"
    tslib "^2.8.1"

undici-types@~8.3.0:
  version "8.3.0"

unpipe@~1.0.0:
  version "1.0.0"

uri-js@^4.2.2:
  version "4.4.1"
  dependencies:
    punycode "^2.1.0"

util-deprecate@^1.0.1:
  version "1.0.2"

util@^0.12.3:
  version "0.12.5"
  dependencies:
    inherits "^2.0.3"
    is-arguments "^1.0.4"
    is-generator-function "^1.0.7"
    is-typed-array "^1.1.3"
    which-typed-array "^1.1.2"

utils-merge@1.0.1:
  version "1.0.1"

vary@^1, vary@~1.1.2:
  version "1.1.2"

web-encoding@^1.1.5:
  version "1.1.5"
  dependencies:
    util "^0.12.3"
  optionalDependencies:
    "@zxing/text-encoding" "0.9.0"

webidl-conversions@^7.0.0:
  version "7.0.0"

whatwg-url@^14.1.0:
  version "14.2.0"
  dependencies:
    tr46 "^5.1.0"
    webidl-conversions "^7.0.0"

which-typed-array@^1.1.16, which-typed-array@^1.1.2:
  version "1.1.22"
  dependencies:
    available-typed-arrays "^1.0.7"
    call-bind "^1.0.9"
    call-bound "^1.0.4"
    for-each "^0.3.5"
    get-proto "^1.0.1"
    gopd "^1.2.0"
    has-tostringtag "^1.0.2"

which@^2.0.1:
  version "2.0.2"
  dependencies:
    isexe "^2.0.0"

winston-transport@^4.9.0:
  version "4.9.0"
  dependencies:
    logform "^2.7.0"
    readable-stream "^3.6.2"
    triple-beam "^1.3.0"

winston@^3.19.0:
  version "3.19.0"
  dependencies:
    "@colors/colors" "^1.6.0"
    "@dabh/diagnostics" "^2.0.8"
    async "^3.2.3"
    is-stream "^2.0.0"
    logform "^2.7.0"
    one-time "^1.0.0"
    readable-stream "^3.4.0"
    safe-stable-stringify "^2.3.1"
    stack-trace "0.0.x"
    triple-beam "^1.3.0"
    winston-transport "^4.9.0"

word-wrap@^1.2.5:
  version "1.2.5"

wrappy@1:
  version "1.0.2"

xml@^1.0.1:
  version "1.0.1"

xml2js@^0.5.0:
  version "0.5.0"
  dependencies:
    sax ">=0.6.0"
    xmlbuilder "~11.0.0"

xmlbuilder@~11.0.0:
  version "11.0.1"

yallist@^4.0.0:
  version "4.0.0"

yamljs@^0.3.0:
  version "0.3.0"
  dependencies:
    argparse "^1.0.7"
    glob "^7.0.5"

yocto-queue@^0.1.0:
  version "0.1.0"
